// !$*UTF8*$!
{
	archiveVersion = 1;
	classes = {
	};
	objectVersion = 50;
	objects = {

/* Begin PBXBuildFile section */
		FAD65506219A0A10004F20C2 /* AppDelegate.swift in Sources */ = {isa = PBXBuildFile; fileRef = FAD65505219A0A10004F20C2 /* AppDelegate.swift */; };
		FAD65508219A0A10004F20C2 /* ViewController.swift in Sources */ = {isa = PBXBuildFile; fileRef = FAD65507219A0A10004F20C2 /* ViewController.swift */; };
		FAD6550B219A0A10004F20C2 /* Main.storyboard in Resources */ = {isa = PBXBuildFile; fileRef = FAD65509219A0A10004F20C2 /* Main.storyboard */; };
		FAD6550D219A0A12004F20C2 /* Assets.xcassets in Resources */ = {isa = PBXBuildFile; fileRef = FAD6550C219A0A12004F20C2 /* Assets.xcassets */; };
		FAD65510219A0A12004F20C2 /* LaunchScreen.storyboard in Resources */ = {isa = PBXBuildFile; fileRef = FAD6550E219A0A12004F20C2 /* LaunchScreen.storyboard */; };
		FAD6551A219B625C004F20C2 /* JsonDataFile.json in Resources */ = {isa = PBXBuildFile; fileRef = FAD65519219B625C004F20C2 /* JsonDataFile.json */; };
		FAD6551C219B695E004F20C2 /* BreathData.swift in Sources */ = {isa = PBXBuildFile; fileRef = FAD6551B219B695E004F20C2 /* BreathData.swift */; };
		FAD6551E219B75E1004F20C2 /* UIColorExtension.swift in Sources */ = {isa = PBXBuildFile; fileRef = FAD6551D219B75E0004F20C2 /* UIColorExtension.swift */; };
		FAD65520219BA704004F20C2 /* SquareView.swift in Sources */ = {isa = PBXBuildFile; fileRef = FAD6551F219BA704004F20C2 /* SquareView.swift */; };
/* End PBXBuildFile section */

/* Begin PBXFileReference section */
		FAD65502219A0A10004F20C2 /* SleepSciTest.app */ = {isa = PBXFileReference; explicitFileType = wrapper.application; includeInIndex = 0; path = SleepSciTest.app; sourceTree = BUILT_PRODUCTS_DIR; };
		FAD65505219A0A10004F20C2 /* AppDelegate.swift */ = {isa = PBXFileReference; lastKnownFileType = sourcecode.swift; path = AppDelegate.swift; sourceTree = "<group>"; };
		FAD65507219A0A10004F20C2 /* ViewController.swift */ = {isa = PBXFileReference; lastKnownFileType = sourcecode.swift; path = ViewController.swift; sourceTree = "<group>"; };
		FAD6550A219A0A10004F20C2 /* Base */ = {isa = PBXFileReference; lastKnownFileType = file.storyboard; name = Base; path = Base.lproj/Main.storyboard; sourceTree = "<group>"; };
		FAD6550C219A0A12004F20C2 /* Assets.xcassets */ = {isa = PBXFileReference; lastKnownFileType = folder.assetcatalog; path = Assets.xcassets; sourceTree = "<group>"; };
		FAD6550F219A0A12004F20C2 /* Base */ = {isa = PBXFileReference; lastKnownFileType = file.storyboard; name = Base; path = Base.lproj/LaunchScreen.storyboard; sourceTree = "<group>"; };
		FAD65511219A0A12004F20C2 /* Info.plist */ = {isa = PBXFileReference; lastKnownFileType = text.plist.xml; path = Info.plist; sourceTree = "<group>"; };
		FAD65519219B625C004F20C2 /* JsonDataFile.json */ = {isa = PBXFileReference; lastKnownFileType = text.json; path = JsonDataFile.json; sourceTree = "<group>"; xcLanguageSpecificationIdentifier = xcode.lang.json; };
		FAD6551B219B695E004F20C2 /* BreathData.swift */ = {isa = PBXFileReference; lastKnownFileType = sourcecode.swift; path = BreathData.swift; sourceTree = "<group>"; };
		FAD6551D219B75E0004F20C2 /* UIColorExtension.swift */ = {isa = PBXFileReference; lastKnownFileType = sourcecode.swift; path = UIColorExtension.swift; sourceTree = "<group>"; };
		FAD6551F219BA704004F20C2 /* SquareView.swift */ = {isa = PBXFileReference; lastKnownFileType = sourcecode.swift; path = SquareView.swift; sourceTree = "<group>"; };
/* End PBXFileReference section */

/* Begin PBXFrameworksBuildPhase section */
		FAD654FF219A0A10004F20C2 /* Frameworks */ = {
			isa = PBXFrameworksBuildPhase;
			buildActionMask = 2147483647;
			files = (
			);
			runOnlyForDeploymentPostprocessing = 0;
		};
/* End PBXFrameworksBuildPhase section */

/* Begin PBXGroup section */
		FAD654F9219A0A10004F20C2 = {
			isa = PBXGroup;
			children = (
				FAD65504219A0A10004F20C2 /* SleepSciTest */,
				FAD65503219A0A10004F20C2 /* Products */,
			);
			sourceTree = "<group>";
		};
		FAD65503219A0A10004F20C2 /* Products */ = {
			isa = PBXGroup;
			children = (
				FAD65502219A0A10004F20C2 /* SleepSciTest.app */,
			);
			name = Products;
			sourceTree = "<group>";
		};
		FAD65504219A0A10004F20C2 /* SleepSciTest */ = {
			isa = PBXGroup;
			children = (
				FAD65505219A0A10004F20C2 /* AppDelegate.swift */,
				FAD65507219A0A10004F20C2 /* ViewController.swift */,
				FAD6551F219BA704004F20C2 /* SquareView.swift */,
				FAD6551B219B695E004F20C2 /* BreathData.swift */,
				FAD6551D219B75E0004F20C2 /* UIColorExtension.swift */,
				FAD65509219A0A10004F20C2 /* Main.storyboard */,
				FAD65519219B625C004F20C2 /* JsonDataFile.json */,
				FAD6550C219A0A12004F20C2 /* Assets.xcassets */,
				FAD6550E219A0A12004F20C2 /* LaunchScreen.storyboard */,
				FAD65511219A0A12004F20C2 /* Info.plist */,
			);
			path = SleepSciTest;
			sourceTree = "<group>";
		};
/* End PBXGroup section */

/* Begin PBXNativeTarget section */
		FAD65501219A0A10004F20C2 /* SleepSciTest */ = {
			isa = PBXNativeTarget;
			buildConfigurationList = FAD65514219A0A12004F20C2 /* Build configuration list for PBXNativeTarget "SleepSciTest" */;
			buildPhases = (
				FAD654FE219A0A10004F20C2 /* Sources */,
				FAD654FF219A0A10004F20C2 /* Frameworks */,
				FAD65500219A0A10004F20C2 /* Resources */,
			);
			buildRules = (
			);
			dependencies = (
			);
			name = SleepSciTest;
			productName = SleepSciTest;
			productReference = FAD65502219A0A10004F20C2 /* SleepSciTest.app */;
			productType = "com.apple.product-type.application";
		};
/* End PBXNativeTarget section */

/* Begin PBXProject section */
		FAD654FA219A0A10004F20C2 /* Project object */ = {
			isa = PBXProject;
			attributes = {
				LastSwiftUpdateCheck = 1010;
				LastUpgradeCheck = 1010;
				ORGANIZATIONNAME = "Alexandr Kudlak";
				TargetAttributes = {
					FAD65501219A0A10004F20C2 = {
						CreatedOnToolsVersion = 10.1;
					};
				};
			};
			buildConfigurationList = FAD654FD219A0A10004F20C2 /* Build configuration list for PBXProject "SleepSciTest" */;
			compatibilityVersion = "Xcode 9.3";
			developmentRegion = en;
			hasScannedForEncodings = 0;
			knownRegions = (
				en,
				Base,
			);
			mainGroup = FAD654F9219A0A10004F20C2;
			productRefGroup = FAD65503219A0A10004F20C2 /* Products */;
			projectDirPath = "";
			projectRoot = "";
			targets = (
				FAD65501219A0A10004F20C2 /* SleepSciTest */,
			);
		};
/* End PBXProject section */

/* Begin PBXResourcesBuildPhase section */
		FAD65500219A0A10004F20C2 /* Resources */ = {
			isa = PBXResourcesBuildPhase;
			buildActionMask = 2147483647;
			files = (
				FAD6551A219B625C004F20C2 /* JsonDataFile.json in Resources */,
				FAD65510219A0A12004F20C2 /* LaunchScreen.storyboard in Resources */,
				FAD6550D219A0A12004F20C2 /* Assets.xcassets in Resources */,
				FAD6550B219A0A10004F20C2 /* Main.storyboard in Resources */,
			);
			runOnlyForDeploymentPostprocessing = 0;
		};
/* End PBXResourcesBuildPhase section */

/* Begin PBXSourcesBuildPhase section */
		FAD654FE219A0A10004F20C2 /* Sources */ = {
			isa = PBXSourcesBuildPhase;
			buildActionMask = 2147483647;
			files = (
				FAD65508219A0A10004F20C2 /* ViewController.swift in Sources */,
				FAD65520219BA704004F20C2 /* SquareView.swift in Sources */,
				FAD6551C219B695E004F20C2 /* BreathData.swift in Sources */,
				FAD65506219A0A10004F20C2 /* AppDelegate.swift in Sources */,
				FAD6551E219B75E1004F20C2 /* UIColorExtension.swift in Sources */,
			);
			runOnlyForDeploymentPostprocessing = 0;
		};
/* End PBXSourcesBuildPhase section */

/* Begin PBXVariantGroup section */
		FAD65509219A0A10004F20C2 /* Main.storyboard */ = {
			isa = PBXVariantGroup;
			children = (
				FAD6550A219A0A10004F20C2 /* Base */,
			);
			name = Main.storyboard;
			sourceTree = "<group>";
		};
		FAD6550E219A0A12004F20C2 /* LaunchScreen.storyboard */ = {
			isa = PBXVariantGroup;
			children = (
				FAD6550F219A0A12004F20C2 /* Base */,
			);
			name = LaunchScreen.storyboard;
			sourceTree = "<group>";
		};
/* End PBXVariantGroup section */

/* Begin XCBuildConfiguration section */
		FAD65512219A0A12004F20C2 /* Debug */ = {
			isa = XCBuildConfiguration;
			buildSettings = {
				ALWAYS_SEARCH_USER_PATHS = NO;
				CLANG_ANALYZER_NONNULL = YES;
				CLANG_ANALYZER_NUMBER_OBJECT_CONVERSION = YES_AGGRESSIVE;
				CLANG_CXX_LANGUAGE_STANDARD = "gnu++14";
				CLANG_CXX_LIBRARY = "libc++";
				CLANG_ENABLE_MODULES = YES;
				CLANG_ENABLE_OBJC_ARC = YES;
				CLANG_ENABLE_OBJC_WEAK = YES;
				CLANG_WARN_BLOCK_CAPTURE_AUTORELEASING = YES;
				CLANG_WARN_BOOL_CONVERSION = YES;
				CLANG_WARN_COMMA = YES;
				CLANG_WARN_CONSTANT_CONVERSION = YES;
				CLANG_WARN_DEPRECATED_OBJC_IMPLEMENTATIONS = YES;
				CLANG_WARN_DIRECT_OBJC_ISA_USAGE = YES_ERROR;
				CLANG_WARN_DOCUMENTATION_COMMENTS = YES;
				CLANG_WARN_EMPTY_BODY = YES;
				CLANG_WARN_ENUM_CONVERSION = YES;
				CLANG_WARN_INFINITE_RECURSION = YES;
				CLANG_WARN_INT_CONVERSION = YES;
				CLANG_WARN_NON_LITERAL_NULL_CONVERSION = YES;
				CLANG_WARN_OBJC_IMPLICIT_RETAIN_SELF = YES;
				CLANG_WARN_OBJC_LITERAL_CONVERSION = YES;
				CLANG_WARN_OBJC_ROOT_CLASS = YES_ERROR;
				CLANG_WARN_RANGE_LOOP_ANALYSIS = YES;
				CLANG_WARN_STRICT_PROTOTYPES = YES;
				CLANG_WARN_SUSPICIOUS_MOVE = YES;
				CLANG_WARN_UNGUARDED_AVAILABILITY = YES_AGGRESSIVE;
				CLANG_WARN_UNREACHABLE_CODE = YES;
				CLANG_WARN__DUPLICATE_METHOD_MATCH = YES;
				CODE_SIGN_IDENTITY = "iPhone Developer";
				COPY_PHASE_STRIP = NO;
				DEBUG_INFORMATION_FORMAT = dwarf;
				ENABLE_STRICT_OBJC_MSGSEND = YES;
				ENABLE_TESTABILITY = YES;
				GCC_C_LANGUAGE_STANDARD = gnu11;
				GCC_DYNAMIC_NO_PIC = NO;
				GCC_NO_COMMON_BLOCKS = YES;
				GCC_OPTIMIZATION_LEVEL = 0;
				GCC_PREPROCESSOR_DEFINITIONS = (
					"DEBUG=1",
					"$(inherited)",
				);
				GCC_WARN_64_TO_32_BIT_CONVERSION = YES;
				GCC_WARN_ABOUT_RETURN_TYPE = YES_ERROR;
				GCC_WARN_UNDECLARED_SELECTOR = YES;
				GCC_WARN_UNINITIALIZED_AUTOS = YES_AGGRESSIVE;
				GCC_WARN_UNUSED_FUNCTION = YES;
				GCC_WARN_UNUSED_VARIABLE = YES;
				IPHONEOS_DEPLOYMENT_TARGET = 12.1;
				MTL_ENABLE_DEBUG_INFO = INCLUDE_SOURCE;
				MTL_FAST_MATH = YES;
				ONLY_ACTIVE_ARCH = YES;
				SDKROOT = iphoneos;
				SWIFT_ACTIVE_COMPILATION_CONDITIONS = DEBUG;
				SWIFT_OPTIMIZATION_LEVEL = "-Onone";
			};
			name = Debug;
		};
		FAD65513219A0A12004F20C2 /* Release */ = {
			isa = XCBuildConfiguration;
			buildSettings = {
				ALWAYS_SEARCH_USER_PATHS = NO;
				CLANG_ANALYZER_NONNULL = YES;
				CLANG_ANALYZER_NUMBER_OBJECT_CONVERSION = YES_AGGRESSIVE;
				CLANG_CXX_LANGUAGE_STANDARD = "gnu++14";
				CLANG_CXX_LIBRARY = "libc++";
				CLANG_ENABLE_MODULES = YES;
				CLANG_ENABLE_OBJC_ARC = YES;
				CLANG_ENABLE_OBJC_WEAK = YES;
				CLANG_WARN_BLOCK_CAPTURE_AUTORELEASING = YES;
				CLANG_WARN_BOOL_CONVERSION = YES;
				CLANG_WARN_COMMA = YES;
				CLANG_WARN_CONSTANT_CONVERSION = YES;
				CLANG_WARN_DEPRECATED_OBJC_IMPLEMENTATIONS = YES;
				CLANG_WARN_DIRECT_OBJC_ISA_USAGE = YES_ERROR;
				CLANG_WARN_DOCUMENTATION_COMMENTS = YES;
				CLANG_WARN_EMPTY_BODY = YES;
				CLANG_WARN_ENUM_CONVERSION = YES;
				CLANG_WARN_INFINITE_RECURSION = YES;
				CLANG_WARN_INT_CONVERSION = YES;
				CLANG_WARN_NON_LITERAL_NULL_CONVERSION = YES;
				CLANG_WARN_OBJC_IMPLICIT_RETAIN_SELF = YES;
				CLANG_WARN_OBJC_LITERAL_CONVERSION = YES;
				CLANG_WARN_OBJC_ROOT_CLASS = YES_ERROR;
				CLANG_WARN_RANGE_LOOP_ANALYSIS = YES;
				CLANG_WARN_STRICT_PROTOTYPES = YES;
				CLANG_WARN_SUSPICIOUS_MOVE = YES;
				CLANG_WARN_UNGUARDED_AVAILABILITY = YES_AGGRESSIVE;
				CLANG_WARN_UNREACHABLE_CODE = YES;
				CLANG_WARN__DUPLICATE_METHOD_MATCH = YES;
				CODE_SIGN_IDENTITY = "iPhone Developer";
				COPY_PHASE_STRIP = NO;
				DEBUG_INFORMATION_FORMAT = "dwarf-with-dsym";
				ENABLE_NS_ASSERTIONS = NO;
				ENABLE_STRICT_OBJC_MSGSEND = YES;
				GCC_C_LANGUAGE_STANDARD = gnu11;
				GCC_NO_COMMON_BLOCKS = YES;
				GCC_WARN_64_TO_32_BIT_CONVERSION = YES;
				GCC_WARN_ABOUT_RETURN_TYPE = YES_ERROR;
				GCC_WARN_UNDECLARED_SELECTOR = YES;
				GCC_WARN_UNINITIALIZED_AUTOS = YES_AGGRESSIVE;
				GCC_WARN_UNUSED_FUNCTION = YES;
				GCC_WARN_UNUSED_VARIABLE = YES;
				IPHONEOS_DEPLOYMENT_TARGET = 12.1;
				MTL_ENABLE_DEBUG_INFO = NO;
				MTL_FAST_MATH = YES;
				SDKROOT = iphoneos;
				SWIFT_COMPILATION_MODE = wholemodule;
				SWIFT_OPTIMIZATION_LEVEL = "-O";
				VALIDATE_PRODUCT = YES;
			};
			name = Release;
		};
		FAD65515219A0A12004F20C2 /* Debug */ = {
			isa = XCBuildConfiguration;
			buildSettings = {
				ASSETCATALOG_COMPILER_APPICON_NAME = AppIcon;
				CODE_SIGN_STYLE = Automatic;
				DEVELOPMENT_TEAM = Q363W6CQQF;
				INFOPLIST_FILE = SleepSciTest/Info.plist;
				LD_RUNPATH_SEARCH_PATHS = (
					"$(inherited)",
					"@executable_path/Frameworks",
				);
				PRODUCT_BUNDLE_IDENTIFIER = sleepSci.SleepSciTest;
				PRODUCT_NAME = "$(TARGET_NAME)";
				SWIFT_VERSION = 4.2;
				TARGETED_DEVICE_FAMILY = "1,2";
			};
			name = Debug;
		};
		FAD65516219A0A12004F20C2 /* Release */ = {
			isa = XCBuildConfiguration;
			buildSettings = {
				ASSETCATALOG_COMPILER_APPICON_NAME = AppIcon;
				CODE_SIGN_STYLE = Automatic;
				DEVELOPMENT_TEAM = Q363W6CQQF;
				INFOPLIST_FILE = SleepSciTest/Info.plist;
				LD_RUNPATH_SEARCH_PATHS = (
					"$(inherited)",
					"@executable_path/Frameworks",
				);
				PRODUCT_BUNDLE_IDENTIFIER = sleepSci.SleepSciTest;
				PRODUCT_NAME = "$(TARGET_NAME)";
				SWIFT_VERSION = 4.2;
				TARGETED_DEVICE_FAMILY = "1,2";
			};
			name = Release;
		};
/* End XCBuildConfiguration section */

/* Begin XCConfigurationList section */
		FAD654FD219A0A10004F20C2 /* Build configuration list for PBXProject "SleepSciTest" */ = {
			isa = XCConfigurationList;
			buildConfigurations = (
				FAD65512219A0A12004F20C2 /* Debug */,
				FAD65513219A0A12004F20C2 /* Release */,
			);
			defaultConfigurationIsVisible = 0;
			defaultConfigurationName = Release;
		};
		FAD65514219A0A12004F20C2 /* Build configuration list for PBXNativeTarget "SleepSciTest" */ = {
			isa = XCConfigurationList;
			buildConfigurations = (
				FAD65515219A0A12004F20C2 /* Debug */,
				FAD65516219A0A12004F20C2 /* Release */,
			);
			defaultConfigurationIsVisible = 0;
			defaultConfigurationName = Release;
		};
/* End XCConfigurationList section */
	};
	rootObject = FAD654FA219A0A10004F20C2 /* Project object */;
}
